
Microsoft Visual Studio Solution File, Format Version 12.00
# Visual Studio Version 16
VisualStudioVersion = 16.0.30717.126
MinimumVisualStudioVersion = 10.0.40219.1
Project("{FAE04EC0-301F-11D3-BF4B-00C04F79EFBC}") = "LibraryManagement", "LibraryManagement\LibraryManagement.csproj", "{DF5F441C-4049-414C-A95C-31232E48E17A}"
EndProject
Global
	GlobalSection(SolutionConfigurationPlatforms) = preSolution
		Debug|Any CPU = Debug|Any CPU
		Release|Any CPU = Release|Any CPU
	EndGlobalSection
	GlobalSection(ProjectConfigurationPlatforms) = postSolution
		{DF5F441C-4049-414C-A95C-31232E48E17A}.Debug|Any CPU.ActiveCfg = Debug|Any CPU
		{DF5F441C-4049-414C-A95C-31232E48E17A}.Debug|Any CPU.Build.0 = Debug|Any CPU
		{DF5F441C-4049-414C-A95C-31232E48E17A}.Release|Any CPU.ActiveCfg = Release|Any CPU
		{DF5F441C-4049-414C-A95C-31232E48E17A}.Release|Any CPU.Build.0 = Release|Any CPU
	EndGlobalSection
	GlobalSection(SolutionProperties) = preSolution
		HideSolutionNode = FALSE
	EndGlobalSection
	GlobalSection(ExtensibilityGlobals) = postSolution
		SolutionGuid = {27D646F8-4DF6-46F4-A31C-0F7904C681B6}
	EndGlobalSection
EndGlobal
